
Microsoft Visual Studio Solution File, Format Version 12.00
# Visual Studio Version 16
VisualStudioVersion = 16.0.30907.101
MinimumVisualStudioVersion = 10.0.40219.1
Project("{FAE04EC0-301F-11D3-BF4B-00C04F79EFBC}") = "AsyncAwait", "AsyncAwait\AsyncAwait.csproj", "{B0F17BD9-F2BB-425D-85B6-8BD384160FBE}"
EndProject
Global
	GlobalSection(SolutionConfigurationPlatforms) = preSolution
		Debug|Any CPU = Debug|Any CPU
		Release|Any CPU = Release|Any CPU
	EndGlobalSection
	GlobalSection(ProjectConfigurationPlatforms) = postSolution
		{B0F17BD9-F2BB-425D-85B6-8BD384160FBE}.Debug|Any CPU.ActiveCfg = Debug|Any CPU
		{B0F17BD9-F2BB-425D-85B6-8BD384160FBE}.Debug|Any CPU.Build.0 = Debug|Any CPU
		{B0F17BD9-F2BB-425D-85B6-8BD384160FBE}.Release|Any CPU.ActiveCfg = Release|Any CPU
		{B0F17BD9-F2BB-425D-85B6-8BD384160FBE}.Release|Any CPU.Build.0 = Release|Any CPU
	EndGlobalSection
	GlobalSection(SolutionProperties) = preSolution
		HideSolutionNode = FALSE
	EndGlobalSection
	GlobalSection(ExtensibilityGlobals) = postSolution
		SolutionGuid = {8992ABA0-2E5A-497A-9BDB-1645DC96B2C3}
	EndGlobalSection
EndGlobal
